{
  "name": "libfaust-wasm",
  "version": "1.0.0",
  "lockfileVersion": 1,
  "requires": true,
  "dependencies": {
    "@types/emscripten": {
      "version": "0.0.31",
      "resolved": "https://registry.npmjs.org/@types/emscripten/-/emscripten-0.0.31.tgz",
      "integrity": "sha512-6OaHAsknBA6M2gKszMZXunqFofGXCCk4UCXHMdzd3qtBpndSHuM2JgxBE9M3APyl/DlENt4FEe0C7mJwbcC/ZA==",
      "dev": true,
      "requires": {
        "@types/webassembly-js-api": "*"
      }
    },
    "@types/webassembly-js-api": {
      "version": "0.0.2",
      "resolved": "https://registry.npmjs.org/@types/webassembly-js-api/-/webassembly-js-api-0.0.2.tgz",
      "integrity": "sha512-htlxJRag6RUiMYUkS8Fjup+TMHO0VarpiF9MrqYaGJ0wXtIraQFz40rfA8VIeCiWy8sgpv3RLmigpgicG8fqGA==",
      "dev": true
    }
  }
}
